
Microsoft Visual Studio Solution File, Format Version 12.00
# Visual Studio Version 17
VisualStudioVersion = 17.0.31903.59
MinimumVisualStudioVersion = 10.0.40219.1
Project("{2150E333-8FDC-42A3-9474-1A3956D46DE8}") = "FrontEnd", "FrontEnd", "{252CD6C2-9820-4B08-BB2B-2881C29D1B7C}"
EndProject
Project("{FAE04EC0-301F-11D3-BF4B-00C04F79EFBC}") = "Mango.Web", "FrontEnd\Mango.Web\Mango.Web.csproj", "{D6677F27-E668-4664-8366-A8B04EA2FECF}"
EndProject
Project("{2150E333-8FDC-42A3-9474-1A3956D46DE8}") = "Services", "Services", "{31989696-9E65-49CD-B285-D3565137B7A7}"
EndProject
Project("{FAE04EC0-301F-11D3-BF4B-00C04F79EFBC}") = "Mango.Services.ProductAPI", "Services\Mango.Services.ProductAPI\Mango.Services.ProductAPI.csproj", "{386D704C-1AF4-4B8E-9F7E-8EAFD25D4AA7}"
EndProject
Global
	GlobalSection(SolutionConfigurationPlatforms) = preSolution
		Debug|Any CPU = Debug|Any CPU
		Release|Any CPU = Release|Any CPU
	EndGlobalSection
	GlobalSection(SolutionProperties) = preSolution
		HideSolutionNode = FALSE
	EndGlobalSection
	GlobalSection(ProjectConfigurationPlatforms) = postSolution
		{D6677F27-E668-4664-8366-A8B04EA2FECF}.Debug|Any CPU.ActiveCfg = Debug|Any CPU
		{D6677F27-E668-4664-8366-A8B04EA2FECF}.Debug|Any CPU.Build.0 = Debug|Any CPU
		{D6677F27-E668-4664-8366-A8B04EA2FECF}.Release|Any CPU.ActiveCfg = Release|Any CPU
		{D6677F27-E668-4664-8366-A8B04EA2FECF}.Release|Any CPU.Build.0 = Release|Any CPU
		{386D704C-1AF4-4B8E-9F7E-8EAFD25D4AA7}.Debug|Any CPU.ActiveCfg = Debug|Any CPU
		{386D704C-1AF4-4B8E-9F7E-8EAFD25D4AA7}.Debug|Any CPU.Build.0 = Debug|Any CPU
		{386D704C-1AF4-4B8E-9F7E-8EAFD25D4AA7}.Release|Any CPU.ActiveCfg = Release|Any CPU
		{386D704C-1AF4-4B8E-9F7E-8EAFD25D4AA7}.Release|Any CPU.Build.0 = Release|Any CPU
	EndGlobalSection
	GlobalSection(NestedProjects) = preSolution
		{D6677F27-E668-4664-8366-A8B04EA2FECF} = {252CD6C2-9820-4B08-BB2B-2881C29D1B7C}
		{386D704C-1AF4-4B8E-9F7E-8EAFD25D4AA7} = {31989696-9E65-49CD-B285-D3565137B7A7}
	EndGlobalSection
EndGlobal
